
Microsoft Visual Studio Solution File, Format Version 12.00
# Visual Studio Version 16
VisualStudioVersion = 16.0.31702.278
MinimumVisualStudioVersion = 10.0.40219.1
Project("{FAE04EC0-301F-11D3-BF4B-00C04F79EFBC}") = "SparkPlug", "SparkPlug.csproj", "{831AEDCD-22E2-4F14-BCF6-90E30811255D}"
EndProject
Global
	GlobalSection(SolutionConfigurationPlatforms) = preSolution
		Debug|Any CPU = Debug|Any CPU
		Release|Any CPU = Release|Any CPU
	EndGlobalSection
	GlobalSection(ProjectConfigurationPlatforms) = postSolution
		{831AEDCD-22E2-4F14-BCF6-90E30811255D}.Debug|Any CPU.ActiveCfg = Debug|Any CPU
		{831AEDCD-22E2-4F14-BCF6-90E30811255D}.Debug|Any CPU.Build.0 = Debug|Any CPU
		{831AEDCD-22E2-4F14-BCF6-90E30811255D}.Release|Any CPU.ActiveCfg = Release|Any CPU
		{831AEDCD-22E2-4F14-BCF6-90E30811255D}.Release|Any CPU.Build.0 = Release|Any CPU
	EndGlobalSection
	GlobalSection(SolutionProperties) = preSolution
		HideSolutionNode = FALSE
	EndGlobalSection
	GlobalSection(ExtensibilityGlobals) = postSolution
		SolutionGuid = {6F13A5A7-8A7C-4782-AE8D-F5608514E36D}
	EndGlobalSection
EndGlobal
